
Microsoft Visual Studio Solution File, Format Version 12.00
# Visual Studio Version 17
VisualStudioVersion = 17.5.33627.172
MinimumVisualStudioVersion = 10.0.40219.1
Project("{FAE04EC0-301F-11D3-BF4B-00C04F79EFBC}") = "ObserverPattern", "ObserverPattern\ObserverPattern.csproj", "{E4E775CC-2332-4B1E-9D30-7E4507547F30}"
EndProject
Global
	GlobalSection(SolutionConfigurationPlatforms) = preSolution
		Debug|Any CPU = Debug|Any CPU
		Release|Any CPU = Release|Any CPU
	EndGlobalSection
	GlobalSection(ProjectConfigurationPlatforms) = postSolution
		{E4E775CC-2332-4B1E-9D30-7E4507547F30}.Debug|Any CPU.ActiveCfg = Debug|Any CPU
		{E4E775CC-2332-4B1E-9D30-7E4507547F30}.Debug|Any CPU.Build.0 = Debug|Any CPU
		{E4E775CC-2332-4B1E-9D30-7E4507547F30}.Release|Any CPU.ActiveCfg = Release|Any CPU
		{E4E775CC-2332-4B1E-9D30-7E4507547F30}.Release|Any CPU.Build.0 = Release|Any CPU
	EndGlobalSection
	GlobalSection(SolutionProperties) = preSolution
		HideSolutionNode = FALSE
	EndGlobalSection
	GlobalSection(ExtensibilityGlobals) = postSolution
		SolutionGuid = {48AF336C-88D9-4BDD-A9F4-17CB5F93CA19}
	EndGlobalSection
EndGlobal
